
Microsoft Visual Studio Solution File, Format Version 12.00
# Visual Studio Version 16
VisualStudioVersion = 16.0.31613.86
MinimumVisualStudioVersion = 10.0.40219.1
Project("{9A19103F-16F7-4668-BE54-9A1E7A4F7556}") = "GrpcTestClient", "GrpcTestClient\GrpcTestClient.csproj", "{4098A0FB-C5AE-4BB5-A18C-C0484017555E}"
EndProject
Global
	GlobalSection(SolutionConfigurationPlatforms) = preSolution
		Debug|Any CPU = Debug|Any CPU
		Release|Any CPU = Release|Any CPU
	EndGlobalSection
	GlobalSection(ProjectConfigurationPlatforms) = postSolution
		{4098A0FB-C5AE-4BB5-A18C-C0484017555E}.Debug|Any CPU.ActiveCfg = Debug|Any CPU
		{4098A0FB-C5AE-4BB5-A18C-C0484017555E}.Debug|Any CPU.Build.0 = Debug|Any CPU
		{4098A0FB-C5AE-4BB5-A18C-C0484017555E}.Release|Any CPU.ActiveCfg = Release|Any CPU
		{4098A0FB-C5AE-4BB5-A18C-C0484017555E}.Release|Any CPU.Build.0 = Release|Any CPU
	EndGlobalSection
	GlobalSection(SolutionProperties) = preSolution
		HideSolutionNode = FALSE
	EndGlobalSection
	GlobalSection(ExtensibilityGlobals) = postSolution
		SolutionGuid = {1FFA5BCD-4B82-4D1C-91F6-12358106552E}
	EndGlobalSection
EndGlobal
